// !$*UTF8*$!
{
	archiveVersion = 1;
	classes = {
	};
	objectVersion = 46;
	objects = {

/* Begin PBXBuildFile section */
		1F781D5B1E438BF30000EE1D /* StringsController.cpp in Sources */ = {isa = PBXBuildFile; fileRef = 1F781D591E438BF30000EE1D /* StringsController.cpp */; };
		1F781D5D1E438C100000EE1D /* StringsRunner.cpp in Sources */ = {isa = PBXBuildFile; fileRef = 1F781D5C1E438C100000EE1D /* StringsRunner.cpp */; };
/* End PBXBuildFile section */

/* Begin PBXCopyFilesBuildPhase section */
		1F781D4B1E438BBB0000EE1D /* CopyFiles */ = {
			isa = PBXCopyFilesBuildPhase;
			buildActionMask = 2147483647;
			dstPath = /usr/share/man/man1/;
			dstSubfolderSpec = 0;
			files = (
			);
			runOnlyForDeploymentPostprocessing = 1;
		};
/* End PBXCopyFilesBuildPhase section */

/* Begin PBXFileReference section */
		1F781D4D1E438BBB0000EE1D /* YeahStrings! */ = {isa = PBXFileReference; explicitFileType = "compiled.mach-o.executable"; includeInIndex = 0; path = "YeahStrings!"; sourceTree = BUILT_PRODUCTS_DIR; };
		1F781D591E438BF30000EE1D /* StringsController.cpp */ = {isa = PBXFileReference; fileEncoding = 4; lastKnownFileType = sourcecode.cpp.cpp; name = StringsController.cpp; path = "YeahStrings!/Controller/StringsController.cpp"; sourceTree = "<group>"; };
		1F781D5A1E438BF30000EE1D /* StringsController.hpp */ = {isa = PBXFileReference; fileEncoding = 4; lastKnownFileType = sourcecode.cpp.h; name = StringsController.hpp; path = "YeahStrings!/Controller/StringsController.hpp"; sourceTree = "<group>"; };
		1F781D5C1E438C100000EE1D /* StringsRunner.cpp */ = {isa = PBXFileReference; fileEncoding = 4; lastKnownFileType = sourcecode.cpp.cpp; name = StringsRunner.cpp; path = "YeahStrings!/Controller/StringsRunner.cpp"; sourceTree = "<group>"; };
/* End PBXFileReference section */

/* Begin PBXFrameworksBuildPhase section */
		1F781D4A1E438BBB0000EE1D /* Frameworks */ = {
			isa = PBXFrameworksBuildPhase;
			buildActionMask = 2147483647;
			files = (
			);
			runOnlyForDeploymentPostprocessing = 0;
		};
/* End PBXFrameworksBuildPhase section */

/* Begin PBXGroup section */
		1F781D441E438BBB0000EE1D = {
			isa = PBXGroup;
			children = (
				1F781D5E1E438C180000EE1D /* Controller */,
				1F781D4F1E438BBB0000EE1D /* YeahStrings! */,
				1F781D4E1E438BBB0000EE1D /* Products */,
			);
			sourceTree = "<group>";
		};
		1F781D4E1E438BBB0000EE1D /* Products */ = {
			isa = PBXGroup;
			children = (
				1F781D4D1E438BBB0000EE1D /* YeahStrings! */,
			);
			name = Products;
			sourceTree = "<group>";
		};
		1F781D4F1E438BBB0000EE1D /* YeahStrings! */ = {
			isa = PBXGroup;
			children = (
			);
			path = "YeahStrings!";
			sourceTree = "<group>";
		};
		1F781D5E1E438C180000EE1D /* Controller */ = {
			isa = PBXGroup;
			children = (
				1F781D5C1E438C100000EE1D /* StringsRunner.cpp */,
				1F781D591E438BF30000EE1D /* StringsController.cpp */,
				1F781D5A1E438BF30000EE1D /* StringsController.hpp */,
			);
			name = Controller;
			sourceTree = "<group>";
		};
/* End PBXGroup section */

/* Begin PBXNativeTarget section */
		1F781D4C1E438BBB0000EE1D /* YeahStrings! */ = {
			isa = PBXNativeTarget;
			buildConfigurationList = 1F781D541E438BBB0000EE1D /* Build configuration list for PBXNativeTarget "YeahStrings!" */;
			buildPhases = (
				1F781D491E438BBB0000EE1D /* Sources */,
				1F781D4A1E438BBB0000EE1D /* Frameworks */,
				1F781D4B1E438BBB0000EE1D /* CopyFiles */,
			);
			buildRules = (
			);
			dependencies = (
			);
			name = "YeahStrings!";
			productName = "YeahStrings!";
			productReference = 1F781D4D1E438BBB0000EE1D /* YeahStrings! */;
			productType = "com.apple.product-type.tool";
		};
/* End PBXNativeTarget section */

/* Begin PBXProject section */
		1F781D451E438BBB0000EE1D /* Project object */ = {
			isa = PBXProject;
			attributes = {
				LastUpgradeCheck = 0810;
				ORGANIZATIONNAME = CTEC;
				TargetAttributes = {
					1F781D4C1E438BBB0000EE1D = {
						CreatedOnToolsVersion = 8.1;
						ProvisioningStyle = Automatic;
					};
				};
			};
			buildConfigurationList = 1F781D481E438BBB0000EE1D /* Build configuration list for PBXProject "YeahStrings!" */;
			compatibilityVersion = "Xcode 3.2";
			developmentRegion = English;
			hasScannedForEncodings = 0;
			knownRegions = (
				en,
			);
			mainGroup = 1F781D441E438BBB0000EE1D;
			productRefGroup = 1F781D4E1E438BBB0000EE1D /* Products */;
			projectDirPath = "";
			projectRoot = "";
			targets = (
				1F781D4C1E438BBB0000EE1D /* YeahStrings! */,
			);
		};
/* End PBXProject section */

/* Begin PBXSourcesBuildPhase section */
		1F781D491E438BBB0000EE1D /* Sources */ = {
			isa = PBXSourcesBuildPhase;
			buildActionMask = 2147483647;
			files = (
				1F781D5D1E438C100000EE1D /* StringsRunner.cpp in Sources */,
				1F781D5B1E438BF30000EE1D /* StringsController.cpp in Sources */,
			);
			runOnlyForDeploymentPostprocessing = 0;
		};
/* End PBXSourcesBuildPhase section */

/* Begin XCBuildConfiguration section */
		1F781D521E438BBB0000EE1D /* Debug */ = {
			isa = XCBuildConfiguration;
			buildSettings = {
				ALWAYS_SEARCH_USER_PATHS = NO;
				CLANG_ANALYZER_NONNULL = YES;
				CLANG_CXX_LANGUAGE_STANDARD = "gnu++0x";
				CLANG_CXX_LIBRARY = "libc++";
				CLANG_ENABLE_MODULES = YES;
				CLANG_ENABLE_OBJC_ARC = YES;
				CLANG_WARN_BOOL_CONVERSION = YES;
				CLANG_WARN_CONSTANT_CONVERSION = YES;
				CLANG_WARN_DIRECT_OBJC_ISA_USAGE = YES_ERROR;
				CLANG_WARN_DOCUMENTATION_COMMENTS = YES;
				CLANG_WARN_EMPTY_BODY = YES;
				CLANG_WARN_ENUM_CONVERSION = YES;
				CLANG_WARN_INFINITE_RECURSION = YES;
				CLANG_WARN_INT_CONVERSION = YES;
				CLANG_WARN_OBJC_ROOT_CLASS = YES_ERROR;
				CLANG_WARN_SUSPICIOUS_MOVES = YES;
				CLANG_WARN_UNREACHABLE_CODE = YES;
				CLANG_WARN__DUPLICATE_METHOD_MATCH = YES;
				CODE_SIGN_IDENTITY = "-";
				COPY_PHASE_STRIP = NO;
				DEBUG_INFORMATION_FORMAT = dwarf;
				ENABLE_STRICT_OBJC_MSGSEND = YES;
				ENABLE_TESTABILITY = YES;
				GCC_C_LANGUAGE_STANDARD = gnu99;
				GCC_DYNAMIC_NO_PIC = NO;
				GCC_NO_COMMON_BLOCKS = YES;
				GCC_OPTIMIZATION_LEVEL = 0;
				GCC_PREPROCESSOR_DEFINITIONS = (
					"DEBUG=1",
					"$(inherited)",
				);
				GCC_WARN_64_TO_32_BIT_CONVERSION = YES;
				GCC_WARN_ABOUT_RETURN_TYPE = YES_ERROR;
				GCC_WARN_UNDECLARED_SELECTOR = YES;
				GCC_WARN_UNINITIALIZED_AUTOS = YES_AGGRESSIVE;
				GCC_WARN_UNUSED_FUNCTION = YES;
				GCC_WARN_UNUSED_VARIABLE = YES;
				MACOSX_DEPLOYMENT_TARGET = 10.11;
				MTL_ENABLE_DEBUG_INFO = YES;
				ONLY_ACTIVE_ARCH = YES;
				SDKROOT = macosx;
			};
			name = Debug;
		};
		1F781D531E438BBB0000EE1D /* Release */ = {
			isa = XCBuildConfiguration;
			buildSettings = {
				ALWAYS_SEARCH_USER_PATHS = NO;
				CLANG_ANALYZER_NONNULL = YES;
				CLANG_CXX_LANGUAGE_STANDARD = "gnu++0x";
				CLANG_CXX_LIBRARY = "libc++";
				CLANG_ENABLE_MODULES = YES;
				CLANG_ENABLE_OBJC_ARC = YES;
				CLANG_WARN_BOOL_CONVERSION = YES;
				CLANG_WARN_CONSTANT_CONVERSION = YES;
				CLANG_WARN_DIRECT_OBJC_ISA_USAGE = YES_ERROR;
				CLANG_WARN_DOCUMENTATION_COMMENTS = YES;
				CLANG_WARN_EMPTY_BODY = YES;
				CLANG_WARN_ENUM_CONVERSION = YES;
				CLANG_WARN_INFINITE_RECURSION = YES;
				CLANG_WARN_INT_CONVERSION = YES;
				CLANG_WARN_OBJC_ROOT_CLASS = YES_ERROR;
				CLANG_WARN_SUSPICIOUS_MOVES = YES;
				CLANG_WARN_UNREACHABLE_CODE = YES;
				CLANG_WARN__DUPLICATE_METHOD_MATCH = YES;
				CODE_SIGN_IDENTITY = "-";
				COPY_PHASE_STRIP = NO;
				DEBUG_INFORMATION_FORMAT = "dwarf-with-dsym";
				ENABLE_NS_ASSERTIONS = NO;
				ENABLE_STRICT_OBJC_MSGSEND = YES;
				GCC_C_LANGUAGE_STANDARD = gnu99;
				GCC_NO_COMMON_BLOCKS = YES;
				GCC_WARN_64_TO_32_BIT_CONVERSION = YES;
				GCC_WARN_ABOUT_RETURN_TYPE = YES_ERROR;
				GCC_WARN_UNDECLARED_SELECTOR = YES;
				GCC_WARN_UNINITIALIZED_AUTOS = YES_AGGRESSIVE;
				GCC_WARN_UNUSED_FUNCTION = YES;
				GCC_WARN_UNUSED_VARIABLE = YES;
				MACOSX_DEPLOYMENT_TARGET = 10.11;
				MTL_ENABLE_DEBUG_INFO = NO;
				SDKROOT = macosx;
			};
			name = Release;
		};
		1F781D551E438BBB0000EE1D /* Debug */ = {
			isa = XCBuildConfiguration;
			buildSettings = {
				PRODUCT_NAME = "$(TARGET_NAME)";
			};
			name = Debug;
		};
		1F781D561E438BBB0000EE1D /* Release */ = {
			isa = XCBuildConfiguration;
			buildSettings = {
				PRODUCT_NAME = "$(TARGET_NAME)";
			};
			name = Release;
		};
/* End XCBuildConfiguration section */

/* Begin XCConfigurationList section */
		1F781D481E438BBB0000EE1D /* Build configuration list for PBXProject "YeahStrings!" */ = {
			isa = XCConfigurationList;
			buildConfigurations = (
				1F781D521E438BBB0000EE1D /* Debug */,
				1F781D531E438BBB0000EE1D /* Release */,
			);
			defaultConfigurationIsVisible = 0;
			defaultConfigurationName = Release;
		};
		1F781D541E438BBB0000EE1D /* Build configuration list for PBXNativeTarget "YeahStrings!" */ = {
			isa = XCConfigurationList;
			buildConfigurations = (
				1F781D551E438BBB0000EE1D /* Debug */,
				1F781D561E438BBB0000EE1D /* Release */,
			);
			defaultConfigurationIsVisible = 0;
			defaultConfigurationName = Release;
		};
/* End XCConfigurationList section */
	};
	rootObject = 1F781D451E438BBB0000EE1D /* Project object */;
}
